version = 1
requires-python = ">=3.11"

[[package]]
name = "anyio"
version = "4.6.0"
source = { registry = "https://pypi.org/simple" }
dependencies = [
    { name = "idna" },
    { name = "sniffio" },
]
sdist = { url = "https://files.pythonhosted.org/packages/78/49/f3f17ec11c4a91fe79275c426658e509b07547f874b14c1a526d86a83fc8/anyio-4.6.0.tar.gz", hash = "sha256:137b4559cbb034c477165047febb6ff83f390fc3b20bf181c1fc0a728cb8beeb", size = 170983 }
wheels = [
    { url = "https://files.pythonhosted.org/packages/9e/ef/7a4f225581a0d7886ea28359179cb861d7fbcdefad29663fc1167b86f69f/anyio-4.6.0-py3-none-any.whl", hash = "sha256:c7d2e9d63e31599eeb636c8c5c03a7e108d73b345f064f1c19fdc87b79036a9a", size = 89631 },
]

[[package]]
name = "certifi"
version = "2024.8.30"
source = { registry = "https://pypi.org/simple" }
sdist = { url = "https://files.pythonhosted.org/packages/b0/ee/9b19140fe824b367c04c5e1b369942dd754c4c5462d5674002f75c4dedc1/certifi-2024.8.30.tar.gz", hash = "sha256:bec941d2aa8195e248a60b31ff9f0558284cf01a52591ceda73ea9afffd69fd9", size = 168507 }
wheels = [
    { url = "https://files.pythonhosted.org/packages/12/90/3c9ff0512038035f59d279fddeb79f5f1eccd8859f06d6163c58798b9487/certifi-2024.8.30-py3-none-any.whl", hash = "sha256:922820b53db7a7257ffbda3f597266d435245903d80737e34f8a45ff3e3230d8", size = 167321 },
]

[[package]]
name = "colorama"
version = "0.4.6"
source = { registry = "https://pypi.org/simple" }
sdist = { url = "https://files.pythonhosted.org/packages/d8/53/6f443c9a4a8358a93a6792e2acffb9d9d5cb0a5cfd8802644b7b1c9a02e4/colorama-0.4.6.tar.gz", hash = "sha256:08695f5cb7ed6e0531a20572697297273c47b8cae5a63ffc6d6ed5c201be6e44", size = 27697 }
wheels = [
    { url = "https://files.pythonhosted.org/packages/d1/d6/3965ed04c63042e047cb6a3e6ed1a63a35087b6a609aa3a15ed8ac56c221/colorama-0.4.6-py2.py3-none-any.whl", hash = "sha256:4f1d9991f5acc0ca119f9d443620b77f9d6b33703e51011c16baf57afb285fc6", size = 25335 },
]

[[package]]
name = "fake-useragent"
version = "1.5.1"
source = { registry = "https://pypi.org/simple" }
sdist = { url = "https://files.pythonhosted.org/packages/24/a1/1f662631ab153975fa8dbf09296324ecbaf53370dce922054e8de6b57370/fake-useragent-1.5.1.tar.gz", hash = "sha256:6387269f5a2196b5ba7ed8935852f75486845a1c95c50e72460e6a8e762f5c49", size = 22631 }
wheels = [
    { url = "https://files.pythonhosted.org/packages/e4/99/60d8cf1b26938c2e0a57e232f7f15641dfcd6f8deda454d73e4145910ff6/fake_useragent-1.5.1-py3-none-any.whl", hash = "sha256:57415096557c8a4e23b62a375c21c55af5fd4ba30549227f562d2c4f5b60e3b3", size = 17190 },
]

[[package]]
name = "h11"
version = "0.14.0"
source = { registry = "https://pypi.org/simple" }
sdist = { url = "https://files.pythonhosted.org/packages/f5/38/3af3d3633a34a3316095b39c8e8fb4853a28a536e55d347bd8d8e9a14b03/h11-0.14.0.tar.gz", hash = "sha256:8f19fbbe99e72420ff35c00b27a34cb9937e902a8b810e2c88300c6f0a3b699d", size = 100418 }
wheels = [
    { url = "https://files.pythonhosted.org/packages/95/04/ff642e65ad6b90db43e668d70ffb6736436c7ce41fcc549f4e9472234127/h11-0.14.0-py3-none-any.whl", hash = "sha256:e3fe4ac4b851c468cc8363d500db52c2ead036020723024a109d37346efaa761", size = 58259 },
]

[[package]]
name = "httpcore"
version = "1.0.6"
source = { registry = "https://pypi.org/simple" }
dependencies = [
    { name = "certifi" },
    { name = "h11" },
]
sdist = { url = "https://files.pythonhosted.org/packages/b6/44/ed0fa6a17845fb033bd885c03e842f08c1b9406c86a2e60ac1ae1b9206a6/httpcore-1.0.6.tar.gz", hash = "sha256:73f6dbd6eb8c21bbf7ef8efad555481853f5f6acdeaff1edb0694289269ee17f", size = 85180 }
wheels = [
    { url = "https://files.pythonhosted.org/packages/06/89/b161908e2f51be56568184aeb4a880fd287178d176fd1c860d2217f41106/httpcore-1.0.6-py3-none-any.whl", hash = "sha256:27b59625743b85577a8c0e10e55b50b5368a4f2cfe8cc7bcfa9cf00829c2682f", size = 78011 },
]

[[package]]
name = "httpx"
version = "0.27.2"
source = { registry = "https://pypi.org/simple" }
dependencies = [
    { name = "anyio" },
    { name = "certifi" },
    { name = "httpcore" },
    { name = "idna" },
    { name = "sniffio" },
]
sdist = { url = "https://files.pythonhosted.org/packages/78/82/08f8c936781f67d9e6b9eeb8a0c8b4e406136ea4c3d1f89a5db71d42e0e6/httpx-0.27.2.tar.gz", hash = "sha256:f7c2be1d2f3c3c3160d441802406b206c2b76f5947b11115e6df10c6c65e66c2", size = 144189 }
wheels = [
    { url = "https://files.pythonhosted.org/packages/56/95/9377bcb415797e44274b51d46e3249eba641711cf3348050f76ee7b15ffc/httpx-0.27.2-py3-none-any.whl", hash = "sha256:7bb2708e112d8fdd7829cd4243970f0c223274051cb35ee80c03301ee29a3df0", size = 76395 },
]

[[package]]
name = "idna"
version = "3.10"
source = { registry = "https://pypi.org/simple" }
sdist = { url = "https://files.pythonhosted.org/packages/f1/70/7703c29685631f5a7590aa73f1f1d3fa9a380e654b86af429e0934a32f7d/idna-3.10.tar.gz", hash = "sha256:12f65c9b470abda6dc35cf8e63cc574b1c52b11df2c86030af0ac09b01b13ea9", size = 190490 }
wheels = [
    { url = "https://files.pythonhosted.org/packages/76/c6/c88e154df9c4e1a2a66ccf0005a88dfb2650c1dffb6f5ce603dfbd452ce3/idna-3.10-py3-none-any.whl", hash = "sha256:946d195a0d259cbba61165e88e65941f16e9b36ea6ddb97f00452bae8b1287d3", size = 70442 },
]

[[package]]
name = "loguru"
version = "0.7.2"
source = { registry = "https://pypi.org/simple" }
dependencies = [
    { name = "colorama", marker = "sys_platform == 'win32'" },
    { name = "win32-setctime", marker = "sys_platform == 'win32'" },
]
sdist = { url = "https://files.pythonhosted.org/packages/9e/30/d87a423766b24db416a46e9335b9602b054a72b96a88a241f2b09b560fa8/loguru-0.7.2.tar.gz", hash = "sha256:e671a53522515f34fd406340ee968cb9ecafbc4b36c679da03c18fd8d0bd51ac", size = 145103 }
wheels = [
    { url = "https://files.pythonhosted.org/packages/03/0a/4f6fed21aa246c6b49b561ca55facacc2a44b87d65b8b92362a8e99ba202/loguru-0.7.2-py3-none-any.whl", hash = "sha256:003d71e3d3ed35f0f8984898359d65b79e5b21943f78af86aa5491210429b8eb", size = 62549 },
]

[[package]]
name = "markdown-it-py"
version = "3.0.0"
source = { registry = "https://pypi.org/simple" }
dependencies = [
    { name = "mdurl" },
]
sdist = { url = "https://files.pythonhosted.org/packages/38/71/3b932df36c1a044d397a1f92d1cf91ee0a503d91e470cbd670aa66b07ed0/markdown-it-py-3.0.0.tar.gz", hash = "sha256:e3f60a94fa066dc52ec76661e37c851cb232d92f9886b15cb560aaada2df8feb", size = 74596 }
wheels = [
    { url = "https://files.pythonhosted.org/packages/42/d7/1ec15b46af6af88f19b8e5ffea08fa375d433c998b8a7639e76935c14f1f/markdown_it_py-3.0.0-py3-none-any.whl", hash = "sha256:355216845c60bd96232cd8d8c40e8f9765cc86f46880e43a8fd22dc1a1a8cab1", size = 87528 },
]

[[package]]
name = "mdurl"
version = "0.1.2"
source = { registry = "https://pypi.org/simple" }
sdist = { url = "https://files.pythonhosted.org/packages/d6/54/cfe61301667036ec958cb99bd3efefba235e65cdeb9c84d24a8293ba1d90/mdurl-0.1.2.tar.gz", hash = "sha256:bb413d29f5eea38f31dd4754dd7377d4465116fb207585f97bf925588687c1ba", size = 8729 }
wheels = [
    { url = "https://files.pythonhosted.org/packages/b3/38/89ba8ad64ae25be8de66a6d463314cf1eb366222074cfda9ee839c56a4b4/mdurl-0.1.2-py3-none-any.whl", hash = "sha256:84008a41e51615a49fc9966191ff91509e3c40b939176e643fd50a5c2196b8f8", size = 9979 },
]

[[package]]
name = "pyaes"
version = "1.6.1"
source = { registry = "https://pypi.org/simple" }
sdist = { url = "https://files.pythonhosted.org/packages/44/66/2c17bae31c906613795711fc78045c285048168919ace2220daa372c7d72/pyaes-1.6.1.tar.gz", hash = "sha256:02c1b1405c38d3c370b085fb952dd8bea3fadcee6411ad99f312cc129c536d8f", size = 28536 }

[[package]]
name = "pyenvloadermeta"
version = "1.0.2"
source = { registry = "https://pypi.org/simple" }
dependencies = [
    { name = "python-dotenv" },
]
sdist = { url = "https://files.pythonhosted.org/packages/b2/3c/0dbae653a8798b4b3fcba9d4a2e2fe572c54816f665c99aa43e71cc469af/pyenvloadermeta-1.0.2.tar.gz", hash = "sha256:d934dd5da616ccf7449b66e70faf2d66cbeac4125262e7700bc6441f4ac32a13", size = 2636 }
wheels = [
    { url = "https://files.pythonhosted.org/packages/58/60/338339596dcccf6fa44ab7b5c0b7d5d38c20227cfb8fb4998af6be50cc6e/pyenvloadermeta-1.0.2-py3-none-any.whl", hash = "sha256:860732b08509eae8cdddddd3fe9f8391abdee4ef74066fe781f55073cff3a79b", size = 2731 },
]

[[package]]
name = "pygments"
version = "2.18.0"
source = { registry = "https://pypi.org/simple" }
sdist = { url = "https://files.pythonhosted.org/packages/8e/62/8336eff65bcbc8e4cb5d05b55faf041285951b6e80f33e2bff2024788f31/pygments-2.18.0.tar.gz", hash = "sha256:786ff802f32e91311bff3889f6e9a86e81505fe99f2735bb6d60ae0c5004f199", size = 4891905 }
wheels = [
    { url = "https://files.pythonhosted.org/packages/f7/3f/01c8b82017c199075f8f788d0d906b9ffbbc5a47dc9918a945e13d5a2bda/pygments-2.18.0-py3-none-any.whl", hash = "sha256:b8e6aca0523f3ab76fee51799c488e38782ac06eafcf95e7ba832985c8e7b13a", size = 1205513 },
]

[[package]]
name = "pyrogram"
version = "2.0.106"
source = { registry = "https://pypi.org/simple" }
dependencies = [
    { name = "pyaes" },
    { name = "pysocks" },
]
sdist = { url = "https://files.pythonhosted.org/packages/c8/8e/5d09eca17271320bb9a95e50b7e053770aee85b3fd338e8267e7b6b280ae/Pyrogram-2.0.106.tar.gz", hash = "sha256:30202995758fcb6e0f91224704ab7fedefea454297724bd70a6a71a23748c16f", size = 345997 }
wheels = [
    { url = "https://files.pythonhosted.org/packages/37/88/502ec24914d208e06baa6f27ff812f46815bb4f302018ad848ebf518abdf/Pyrogram-2.0.106-py3-none-any.whl", hash = "sha256:32b62b3d93030b1080cbe45b88c0e8790cf4e2179cf3321ede810d48edf97bc7", size = 3573685 },
]

[[package]]
name = "pysocks"
version = "1.7.1"
source = { registry = "https://pypi.org/simple" }
sdist = { url = "https://files.pythonhosted.org/packages/bd/11/293dd436aea955d45fc4e8a35b6ae7270f5b8e00b53cf6c024c83b657a11/PySocks-1.7.1.tar.gz", hash = "sha256:3f8804571ebe159c380ac6de37643bb4685970655d3bba243530d6558b799aa0", size = 284429 }
wheels = [
    { url = "https://files.pythonhosted.org/packages/8d/59/b4572118e098ac8e46e399a1dd0f2d85403ce8bbaad9ec79373ed6badaf9/PySocks-1.7.1-py3-none-any.whl", hash = "sha256:2725bd0a9925919b9b51739eea5f9e2bae91e83288108a9ad338b2e3a4435ee5", size = 16725 },
]

[[package]]
name = "python-dotenv"
version = "1.0.1"
source = { registry = "https://pypi.org/simple" }
sdist = { url = "https://files.pythonhosted.org/packages/bc/57/e84d88dfe0aec03b7a2d4327012c1627ab5f03652216c63d49846d7a6c58/python-dotenv-1.0.1.tar.gz", hash = "sha256:e324ee90a023d808f1959c46bcbc04446a10ced277783dc6ee09987c37ec10ca", size = 39115 }
wheels = [
    { url = "https://files.pythonhosted.org/packages/6a/3e/b68c118422ec867fa7ab88444e1274aa40681c606d59ac27de5a5588f082/python_dotenv-1.0.1-py3-none-any.whl", hash = "sha256:f7b63ef50f1b690dddf550d03497b66d609393b40b564ed0d674909a68ebf16a", size = 19863 },
]

[[package]]
name = "result"
version = "0.17.0"
source = { registry = "https://pypi.org/simple" }
sdist = { url = "https://files.pythonhosted.org/packages/a3/47/2175be65744aa4d8419c27bd3a7a7d65af5bcad7a4dc6a812c00778754f0/result-0.17.0.tar.gz", hash = "sha256:b73da420c0cb1a3bf741dbd41ff96dedafaad6a1b3ef437a9e33e380bb0d91cf", size = 20180 }
wheels = [
    { url = "https://files.pythonhosted.org/packages/e2/90/19110ce9374c3db619e2df0816f2c58e4ddc5cdad5f7284cd81d8b30b7cb/result-0.17.0-py3-none-any.whl", hash = "sha256:49fd668b4951ad15800b8ccefd98b6b94effc789607e19c65064b775570933e8", size = 11689 },
]

[[package]]
name = "rich"
version = "13.9.2"
source = { registry = "https://pypi.org/simple" }
dependencies = [
    { name = "markdown-it-py" },
    { name = "pygments" },
]
sdist = { url = "https://files.pythonhosted.org/packages/aa/9e/1784d15b057b0075e5136445aaea92d23955aad2c93eaede673718a40d95/rich-13.9.2.tar.gz", hash = "sha256:51a2c62057461aaf7152b4d611168f93a9fc73068f8ded2790f29fe2b5366d0c", size = 222843 }
wheels = [
    { url = "https://files.pythonhosted.org/packages/67/91/5474b84e505a6ccc295b2d322d90ff6aa0746745717839ee0c5fb4fdcceb/rich-13.9.2-py3-none-any.whl", hash = "sha256:8c82a3d3f8dcfe9e734771313e606b39d8247bb6b826e196f4914b333b743cf1", size = 242117 },
]

[[package]]
name = "sniffio"
version = "1.3.1"
source = { registry = "https://pypi.org/simple" }
sdist = { url = "https://files.pythonhosted.org/packages/a2/87/a6771e1546d97e7e041b6ae58d80074f81b7d5121207425c964ddf5cfdbd/sniffio-1.3.1.tar.gz", hash = "sha256:f4324edc670a0f49750a81b895f35c3adb843cca46f0530f79fc1babb23789dc", size = 20372 }
wheels = [
    { url = "https://files.pythonhosted.org/packages/e9/44/75a9c9421471a6c4805dbf2356f7c181a29c1879239abab1ea2cc8f38b40/sniffio-1.3.1-py3-none-any.whl", hash = "sha256:2f6da418d1f1e0fddd844478f41680e794e6051915791a034ff65e5f100525a2", size = 10235 },
]

[[package]]
name = "tgcrypto"
version = "1.2.5"
source = { registry = "https://pypi.org/simple" }
sdist = { url = "https://files.pythonhosted.org/packages/33/59/7cf5ced989e3139a791d5452d58cb8994de589576b80f9267ba76d794f6c/TgCrypto-1.2.5.tar.gz", hash = "sha256:9bc2cac6fb9a12ef5b08f3dd500174fe374d89b660cce981f57e3138559cb682", size = 37280 }
wheels = [
    { url = "https://files.pythonhosted.org/packages/48/e6/07dc413e57f3677e0b887975b174d9cbc8170e92651dd35a784da9571d5f/TgCrypto-1.2.5-cp311-cp311-macosx_10_9_universal2.whl", hash = "sha256:59597cdb1c87eb1184088563d20b42a8f2e431e9334fed64926079044ad2a4af", size = 58988 },
    { url = "https://files.pythonhosted.org/packages/c1/fe/a418223ff6079184f50f5ad8c2dac37ec40adbb42b886c3ee44fdba2a540/TgCrypto-1.2.5-cp311-cp311-macosx_10_9_x86_64.whl", hash = "sha256:1283337ae75b02406dd700377b8b783e70033b548492517df6e6c4156b0ed69c", size = 43347 },
    { url = "https://files.pythonhosted.org/packages/39/0e/e861a9987c6d9d3ae04d156732311e018558f862490c466c369d73094807/TgCrypto-1.2.5-cp311-cp311-macosx_11_0_arm64.whl", hash = "sha256:1735437df0023a40e5fdd95e6b09ce806ec8f2cd2f8879023818840dfae60cab", size = 43123 },
    { url = "https://files.pythonhosted.org/packages/0d/ce/d60e249ac4d31d591f4c8ca76e7bd537f4c54f1947b400a14ac3a1678b09/TgCrypto-1.2.5-cp311-cp311-manylinux_2_17_x86_64.manylinux2014_x86_64.whl", hash = "sha256:cfa17a20206532c6d2442c9d7a7f6434120bd75896ad9a3e9b9277477afa084f", size = 60713 },
    { url = "https://files.pythonhosted.org/packages/27/55/50f81b1a557bd8f9b73f7fcda2381f8826665858750968394ceec0b01282/TgCrypto-1.2.5-cp311-cp311-manylinux_2_5_i686.manylinux1_i686.manylinux_2_17_i686.manylinux2014_i686.whl", hash = "sha256:48da3674474839e5619e7430ff1f98aed9f55369f3cfaef7f65511852869572e", size = 60418 },
    { url = "https://files.pythonhosted.org/packages/f3/55/7f5f5a024b71ef81b07c3fe15e79d03b634eb349b04bc79a62c8c3ed3376/TgCrypto-1.2.5-cp311-cp311-musllinux_1_1_i686.whl", hash = "sha256:b49e982e5b156be821a5235bd9102c00dc506a58607e2c8bd50ac872724a951f", size = 64397 },
    { url = "https://files.pythonhosted.org/packages/76/3e/8f059edce82de8ebbc1e513076c0f65a86fac95887fae21ae087440ef23a/TgCrypto-1.2.5-cp311-cp311-musllinux_1_1_x86_64.whl", hash = "sha256:9d9f13586065a6d86d05c16409054033a84be208acee29b49f6f194e27b08642", size = 64436 },
    { url = "https://files.pythonhosted.org/packages/eb/87/fe894eb7c4cce4b6f710223c24e0ca22f4107fe46f3f56091ceabd482de7/TgCrypto-1.2.5-cp311-cp311-win32.whl", hash = "sha256:10dd3870aecb1a783c6eafd3b164b2149dbc93a9ee13feb7e6f5c58f87c24cd0", size = 44723 },
    { url = "https://files.pythonhosted.org/packages/c1/fc/b918235b19b70a45f4a596c773fad2c379d941d2ac5005293e2ee18bdc63/TgCrypto-1.2.5-cp311-cp311-win_amd64.whl", hash = "sha256:a1beec47d6af8b509af7cf266e30f7703208076076594714005b42d2c25225b3", size = 45073 },
]

[[package]]
name = "timecalculator"
version = "1.2.1"
source = { registry = "https://pypi.org/simple" }
sdist = { url = "https://files.pythonhosted.org/packages/eb/89/51119e01e35dfbe023cc10bce0fde19fdfb7b405bfedc365b691a7d708fe/timecalculator-1.2.1.tar.gz", hash = "sha256:1d18524b1b819c7bdabbf89eb68c2dc6ecf9baf16615c8c4ac5892dca1b4b70f", size = 3528 }
wheels = [
    { url = "https://files.pythonhosted.org/packages/ef/81/6b7f69da3d5938c7bbd7dc2970e0876a46fc4a017fdd6e91898e3907c60f/timecalculator-1.2.1-py3-none-any.whl", hash = "sha256:5d5808f71b24af8fc3709ad1b83608dbf48fbd15323e6b2112d645952eeadac4", size = 3953 },
]

[[package]]
name = "tomarketbot"
version = "0.1.0"
source = { virtual = "." }
dependencies = [
    { name = "fake-useragent" },
    { name = "httpx" },
    { name = "loguru" },
    { name = "pyenvloadermeta" },
    { name = "pyrogram" },
    { name = "result" },
    { name = "rich" },
    { name = "tgcrypto" },
    { name = "timecalculator" },
]

[package.metadata]
requires-dist = [
    { name = "fake-useragent", specifier = ">=1.5.1" },
    { name = "httpx", specifier = ">=0.27.2" },
    { name = "loguru", specifier = ">=0.7.2" },
    { name = "pyenvloadermeta", specifier = ">=1.0.2" },
    { name = "pyrogram", specifier = ">=2.0.106" },
    { name = "result", specifier = ">=0.17.0" },
    { name = "rich", specifier = ">=13.9.2" },
    { name = "tgcrypto", specifier = ">=1.2.5" },
    { name = "timecalculator", specifier = ">=1.2.1" },
]

[[package]]
name = "win32-setctime"
version = "1.1.0"
source = { registry = "https://pypi.org/simple" }
sdist = { url = "https://files.pythonhosted.org/packages/6b/dd/f95a13d2b235a28d613ba23ebad55191514550debb968b46aab99f2e3a30/win32_setctime-1.1.0.tar.gz", hash = "sha256:15cf5750465118d6929ae4de4eb46e8edae9a5634350c01ba582df868e932cb2", size = 3676 }
wheels = [
    { url = "https://files.pythonhosted.org/packages/0a/e6/a7d828fef907843b2a5773ebff47fb79ac0c1c88d60c0ca9530ee941e248/win32_setctime-1.1.0-py3-none-any.whl", hash = "sha256:231db239e959c2fe7eb1d7dc129f11172354f98361c4fa2d6d2d7e278baa8aad", size = 3604 },
]
